
Microsoft Visual Studio Solution File, Format Version 12.00
# Visual Studio Version 17
VisualStudioVersion = 17.7.34024.191
MinimumVisualStudioVersion = 10.0.40219.1
Project("{FAE04EC0-301F-11D3-BF4B-00C04F79EFBC}") = "FileComposer", "FileComposer\FileComposer.csproj", "{4A017176-EBE8-4DB1-97B3-FA79AA19A462}"
EndProject
Project("{FAE04EC0-301F-11D3-BF4B-00C04F79EFBC}") = "Test_FileComposer", "Test_FileComposer\Test_FileComposer.csproj", "{3D49AC0A-2CAD-40F4-A184-223F5A7CD8E4}"
EndProject
Global
	GlobalSection(SolutionConfigurationPlatforms) = preSolution
		Debug|Any CPU = Debug|Any CPU
		Release|Any CPU = Release|Any CPU
	EndGlobalSection
	GlobalSection(ProjectConfigurationPlatforms) = postSolution
		{4A017176-EBE8-4DB1-97B3-FA79AA19A462}.Debug|Any CPU.ActiveCfg = Debug|Any CPU
		{4A017176-EBE8-4DB1-97B3-FA79AA19A462}.Debug|Any CPU.Build.0 = Debug|Any CPU
		{4A017176-EBE8-4DB1-97B3-FA79AA19A462}.Release|Any CPU.ActiveCfg = Release|Any CPU
		{4A017176-EBE8-4DB1-97B3-FA79AA19A462}.Release|Any CPU.Build.0 = Release|Any CPU
		{3D49AC0A-2CAD-40F4-A184-223F5A7CD8E4}.Debug|Any CPU.ActiveCfg = Debug|Any CPU
		{3D49AC0A-2CAD-40F4-A184-223F5A7CD8E4}.Debug|Any CPU.Build.0 = Debug|Any CPU
		{3D49AC0A-2CAD-40F4-A184-223F5A7CD8E4}.Release|Any CPU.ActiveCfg = Release|Any CPU
		{3D49AC0A-2CAD-40F4-A184-223F5A7CD8E4}.Release|Any CPU.Build.0 = Release|Any CPU
	EndGlobalSection
	GlobalSection(SolutionProperties) = preSolution
		HideSolutionNode = FALSE
	EndGlobalSection
	GlobalSection(ExtensibilityGlobals) = postSolution
		SolutionGuid = {29483AB8-6F11-4215-8437-1BDEFD50F193}
	EndGlobalSection
EndGlobal
